
Microsoft Visual Studio Solution File, Format Version 12.00
# Visual Studio Version 17
VisualStudioVersion = 17.3.32929.385
MinimumVisualStudioVersion = 10.0.40219.1
Project("{FAE04EC0-301F-11D3-BF4B-00C04F79EFBC}") = "csharp-cibi-preferiti", "csharp-cibi-preferiti.csproj", "{A3A3ED3D-7434-4BDC-A3E4-951FAC72295B}"
EndProject
Global
	GlobalSection(SolutionConfigurationPlatforms) = preSolution
		Debug|Any CPU = Debug|Any CPU
		Release|Any CPU = Release|Any CPU
	EndGlobalSection
	GlobalSection(ProjectConfigurationPlatforms) = postSolution
		{A3A3ED3D-7434-4BDC-A3E4-951FAC72295B}.Debug|Any CPU.ActiveCfg = Debug|Any CPU
		{A3A3ED3D-7434-4BDC-A3E4-951FAC72295B}.Debug|Any CPU.Build.0 = Debug|Any CPU
		{A3A3ED3D-7434-4BDC-A3E4-951FAC72295B}.Release|Any CPU.ActiveCfg = Release|Any CPU
		{A3A3ED3D-7434-4BDC-A3E4-951FAC72295B}.Release|Any CPU.Build.0 = Release|Any CPU
	EndGlobalSection
	GlobalSection(SolutionProperties) = preSolution
		HideSolutionNode = FALSE
	EndGlobalSection
	GlobalSection(ExtensibilityGlobals) = postSolution
		SolutionGuid = {87B3A57C-4A56-4F59-A0F1-439A7E51200F}
	EndGlobalSection
EndGlobal
